
Microsoft Visual Studio Solution File, Format Version 12.00
# Visual Studio Version 17
VisualStudioVersion = 17.7.34009.444
MinimumVisualStudioVersion = 10.0.40219.1
Project("{FAE04EC0-301F-11D3-BF4B-00C04F79EFBC}") = "ExtensionLibTest", "ExtensionLibTest\ExtensionLibTest.csproj", "{B4FF84F4-5CD4-4A61-A8BE-E692A2B02916}"
EndProject
Project("{FAE04EC0-301F-11D3-BF4B-00C04F79EFBC}") = "ExtLibTest", "ExtLibTest\ExtLibTest.csproj", "{598E8A03-4F03-4717-9251-5D01FE8EDF73}"
EndProject
Global
	GlobalSection(SolutionConfigurationPlatforms) = preSolution
		Debug|Any CPU = Debug|Any CPU
		Release|Any CPU = Release|Any CPU
	EndGlobalSection
	GlobalSection(ProjectConfigurationPlatforms) = postSolution
		{B4FF84F4-5CD4-4A61-A8BE-E692A2B02916}.Debug|Any CPU.ActiveCfg = Debug|Any CPU
		{B4FF84F4-5CD4-4A61-A8BE-E692A2B02916}.Debug|Any CPU.Build.0 = Debug|Any CPU
		{B4FF84F4-5CD4-4A61-A8BE-E692A2B02916}.Release|Any CPU.ActiveCfg = Release|Any CPU
		{B4FF84F4-5CD4-4A61-A8BE-E692A2B02916}.Release|Any CPU.Build.0 = Release|Any CPU
		{598E8A03-4F03-4717-9251-5D01FE8EDF73}.Debug|Any CPU.ActiveCfg = Debug|Any CPU
		{598E8A03-4F03-4717-9251-5D01FE8EDF73}.Debug|Any CPU.Build.0 = Debug|Any CPU
		{598E8A03-4F03-4717-9251-5D01FE8EDF73}.Release|Any CPU.ActiveCfg = Release|Any CPU
		{598E8A03-4F03-4717-9251-5D01FE8EDF73}.Release|Any CPU.Build.0 = Release|Any CPU
	EndGlobalSection
	GlobalSection(SolutionProperties) = preSolution
		HideSolutionNode = FALSE
	EndGlobalSection
	GlobalSection(ExtensibilityGlobals) = postSolution
		SolutionGuid = {F80F2102-3BC3-4DEA-A244-D13319ACC069}
	EndGlobalSection
EndGlobal
